
Microsoft Visual Studio Solution File, Format Version 12.00
# Visual Studio Version 17
VisualStudioVersion = 17.13.35828.75
MinimumVisualStudioVersion = 10.0.40219.1
Project("{FAE04EC0-301F-11D3-BF4B-00C04F79EFBC}") = "BlazorApp1", "BlazorApp1\BlazorApp1.csproj", "{21C045C1-B566-4EC5-8490-4940542B3E0A}"
EndProject
Global
	GlobalSection(SolutionConfigurationPlatforms) = preSolution
		Debug|Any CPU = Debug|Any CPU
		Release|Any CPU = Release|Any CPU
	EndGlobalSection
	GlobalSection(ProjectConfigurationPlatforms) = postSolution
		{21C045C1-B566-4EC5-8490-4940542B3E0A}.Debug|Any CPU.ActiveCfg = Debug|Any CPU
		{21C045C1-B566-4EC5-8490-4940542B3E0A}.Debug|Any CPU.Build.0 = Debug|Any CPU
		{21C045C1-B566-4EC5-8490-4940542B3E0A}.Release|Any CPU.ActiveCfg = Release|Any CPU
		{21C045C1-B566-4EC5-8490-4940542B3E0A}.Release|Any CPU.Build.0 = Release|Any CPU
	EndGlobalSection
	GlobalSection(SolutionProperties) = preSolution
		HideSolutionNode = FALSE
	EndGlobalSection
	GlobalSection(ExtensibilityGlobals) = postSolution
		SolutionGuid = {BF838441-C5C9-45C6-90CD-70301C31C769}
	EndGlobalSection
EndGlobal
